{
  "name": "mit2html",
  "version": "1.0.0",
  "lockfileVersion": 2,
  "requires": true,
  "packages": {
    "": {
      "name": "mit2html",
      "version": "1.0.0",
      "license": "GPL-3.0-or-later",
      "dependencies": {
        "markdown-it": "^14.0.0",
        "markdown-it-container": "^4.0.0",
        "markdown-it-emoji": "^3.0.0",
        "markdown-it-multimd-table": "^4.2.3"
      }
    },
    "node_modules/argparse": {
      "version": "2.0.1",
      "resolved": "https://registry.npmjs.org/argparse/-/argparse-2.0.1.tgz",
      "integrity": "sha512-8+9WqebbFzpX9OR+Wa6O29asIogeRMzcGtAINdpMHHyAg10f05aSFVBbcEqGf/PXw1EjAZ+q2/bEBg3DvurK3Q=="
    },
    "node_modules/entities": {
      "version": "4.5.0",
      "resolved": "https://registry.npmjs.org/entities/-/entities-4.5.0.tgz",
      "integrity": "sha512-V0hjH4dGPh9Ao5p0MoRY6BVqtwCjhz6vI5LT8AJ55H+4g9/4vbHx1I54fS0XuclLhDHArPQCiMjDxjaL8fPxhw==",
      "engines": {
        "node": ">=0.12"
      },
      "funding": {
        "url": "https://github.com/fb55/entities?sponsor=1"
      }
    },
    "node_modules/linkify-it": {
      "version": "5.0.0",
      "resolved": "https://registry.npmjs.org/linkify-it/-/linkify-it-5.0.0.tgz",
      "integrity": "sha512-5aHCbzQRADcdP+ATqnDuhhJ/MRIqDkZX5pyjFHRRysS8vZ5AbqGEoFIb6pYHPZ+L/OC2Lc+xT8uHVVR5CAK/wQ==",
      "dependencies": {
        "uc.micro": "^2.0.0"
      }
    },
    "node_modules/markdown-it": {
      "version": "14.0.0",
      "resolved": "https://registry.npmjs.org/markdown-it/-/markdown-it-14.0.0.tgz",
      "integrity": "sha512-seFjF0FIcPt4P9U39Bq1JYblX0KZCjDLFFQPHpL5AzHpqPEKtosxmdq/LTVZnjfH7tjt9BxStm+wXcDBNuYmzw==",
      "dependencies": {
        "argparse": "^2.0.1",
        "entities": "^4.4.0",
        "linkify-it": "^5.0.0",
        "mdurl": "^2.0.0",
        "punycode.js": "^2.3.1",
        "uc.micro": "^2.0.0"
      },
      "bin": {
        "markdown-it": "bin/markdown-it.mjs"
      }
    },
    "node_modules/markdown-it-container": {
      "version": "4.0.0",
      "resolved": "https://registry.npmjs.org/markdown-it-container/-/markdown-it-container-4.0.0.tgz",
      "integrity": "sha512-HaNccxUH0l7BNGYbFbjmGpf5aLHAMTinqRZQAEQbMr2cdD3z91Q6kIo1oUn1CQndkT03jat6ckrdRYuwwqLlQw=="
    },
    "node_modules/markdown-it-emoji": {
      "version": "3.0.0",
      "resolved": "https://registry.npmjs.org/markdown-it-emoji/-/markdown-it-emoji-3.0.0.tgz",
      "integrity": "sha512-+rUD93bXHubA4arpEZO3q80so0qgoFJEKRkRbjKX8RTdca89v2kfyF+xR3i2sQTwql9tpPZPOQN5B+PunspXRg=="
    },
    "node_modules/markdown-it-multimd-table": {
      "version": "4.2.3",
      "resolved": "https://registry.npmjs.org/markdown-it-multimd-table/-/markdown-it-multimd-table-4.2.3.tgz",
      "integrity": "sha512-KepCr2OMJqm7IT6sOIbuqHGe+NERhgy66XMrc5lo6dHW7oaPzMDtYwR1EGwK16/blb6mCSg4jqityOe0o/H7HA=="
    },
    "node_modules/mdurl": {
      "version": "2.0.0",
      "resolved": "https://registry.npmjs.org/mdurl/-/mdurl-2.0.0.tgz",
      "integrity": "sha512-Lf+9+2r+Tdp5wXDXC4PcIBjTDtq4UKjCPMQhKIuzpJNW0b96kVqSwW0bT7FhRSfmAiFYgP+SCRvdrDozfh0U5w=="
    },
    "node_modules/punycode.js": {
      "version": "2.3.1",
      "resolved": "https://registry.npmjs.org/punycode.js/-/punycode.js-2.3.1.tgz",
      "integrity": "sha512-uxFIHU0YlHYhDQtV4R9J6a52SLx28BCjT+4ieh7IGbgwVJWO+km431c4yRlREUAsAmt/uMjQUyQHNEPf0M39CA==",
      "engines": {
        "node": ">=6"
      }
    },
    "node_modules/uc.micro": {
      "version": "2.0.0",
      "resolved": "https://registry.npmjs.org/uc.micro/-/uc.micro-2.0.0.tgz",
      "integrity": "sha512-DffL94LsNOccVn4hyfRe5rdKa273swqeA5DJpMOeFmEn1wCDc7nAbbB0gXlgBCL7TNzeTv6G7XVWzan7iJtfig=="
    }
  },
  "dependencies": {
    "argparse": {
      "version": "2.0.1",
      "resolved": "https://registry.npmjs.org/argparse/-/argparse-2.0.1.tgz",
      "integrity": "sha512-8+9WqebbFzpX9OR+Wa6O29asIogeRMzcGtAINdpMHHyAg10f05aSFVBbcEqGf/PXw1EjAZ+q2/bEBg3DvurK3Q=="
    },
    "entities": {
      "version": "4.5.0",
      "resolved": "https://registry.npmjs.org/entities/-/entities-4.5.0.tgz",
      "integrity": "sha512-V0hjH4dGPh9Ao5p0MoRY6BVqtwCjhz6vI5LT8AJ55H+4g9/4vbHx1I54fS0XuclLhDHArPQCiMjDxjaL8fPxhw=="
    },
    "linkify-it": {
      "version": "5.0.0",
      "resolved": "https://registry.npmjs.org/linkify-it/-/linkify-it-5.0.0.tgz",
      "integrity": "sha512-5aHCbzQRADcdP+ATqnDuhhJ/MRIqDkZX5pyjFHRRysS8vZ5AbqGEoFIb6pYHPZ+L/OC2Lc+xT8uHVVR5CAK/wQ==",
      "requires": {
        "uc.micro": "^2.0.0"
      }
    },
    "markdown-it": {
      "version": "14.0.0",
      "resolved": "https://registry.npmjs.org/markdown-it/-/markdown-it-14.0.0.tgz",
      "integrity": "sha512-seFjF0FIcPt4P9U39Bq1JYblX0KZCjDLFFQPHpL5AzHpqPEKtosxmdq/LTVZnjfH7tjt9BxStm+wXcDBNuYmzw==",
      "requires": {
        "argparse": "^2.0.1",
        "entities": "^4.4.0",
        "linkify-it": "^5.0.0",
        "mdurl": "^2.0.0",
        "punycode.js": "^2.3.1",
        "uc.micro": "^2.0.0"
      }
    },
    "markdown-it-container": {
      "version": "4.0.0",
      "resolved": "https://registry.npmjs.org/markdown-it-container/-/markdown-it-container-4.0.0.tgz",
      "integrity": "sha512-HaNccxUH0l7BNGYbFbjmGpf5aLHAMTinqRZQAEQbMr2cdD3z91Q6kIo1oUn1CQndkT03jat6ckrdRYuwwqLlQw=="
    },
    "markdown-it-emoji": {
      "version": "3.0.0",
      "resolved": "https://registry.npmjs.org/markdown-it-emoji/-/markdown-it-emoji-3.0.0.tgz",
      "integrity": "sha512-+rUD93bXHubA4arpEZO3q80so0qgoFJEKRkRbjKX8RTdca89v2kfyF+xR3i2sQTwql9tpPZPOQN5B+PunspXRg=="
    },
    "markdown-it-multimd-table": {
      "version": "4.2.3",
      "resolved": "https://registry.npmjs.org/markdown-it-multimd-table/-/markdown-it-multimd-table-4.2.3.tgz",
      "integrity": "sha512-KepCr2OMJqm7IT6sOIbuqHGe+NERhgy66XMrc5lo6dHW7oaPzMDtYwR1EGwK16/blb6mCSg4jqityOe0o/H7HA=="
    },
    "mdurl": {
      "version": "2.0.0",
      "resolved": "https://registry.npmjs.org/mdurl/-/mdurl-2.0.0.tgz",
      "integrity": "sha512-Lf+9+2r+Tdp5wXDXC4PcIBjTDtq4UKjCPMQhKIuzpJNW0b96kVqSwW0bT7FhRSfmAiFYgP+SCRvdrDozfh0U5w=="
    },
    "punycode.js": {
      "version": "2.3.1",
      "resolved": "https://registry.npmjs.org/punycode.js/-/punycode.js-2.3.1.tgz",
      "integrity": "sha512-uxFIHU0YlHYhDQtV4R9J6a52SLx28BCjT+4ieh7IGbgwVJWO+km431c4yRlREUAsAmt/uMjQUyQHNEPf0M39CA=="
    },
    "uc.micro": {
      "version": "2.0.0",
      "resolved": "https://registry.npmjs.org/uc.micro/-/uc.micro-2.0.0.tgz",
      "integrity": "sha512-DffL94LsNOccVn4hyfRe5rdKa273swqeA5DJpMOeFmEn1wCDc7nAbbB0gXlgBCL7TNzeTv6G7XVWzan7iJtfig=="
    }
  }
}
